// !$*UTF8*$!
{
	archiveVersion = 1;
	classes = {
	};
	objectVersion = 46;
	objects = {

/* Begin PBXBuildFile section */
		881168DB1E83745200D4DE4D /* Deck.m in Sources */ = {isa = PBXBuildFile; fileRef = 881168D81E83745200D4DE4D /* Deck.m */; };
		881168DC1E83745200D4DE4D /* Card.m in Sources */ = {isa = PBXBuildFile; fileRef = 881168DA1E83745200D4DE4D /* Card.m */; };
		881168DF1E8376B200D4DE4D /* PlayingCard.m in Sources */ = {isa = PBXBuildFile; fileRef = 881168DE1E8376B200D4DE4D /* PlayingCard.m */; };
		881168E21E837F5900D4DE4D /* PlayingCardDeck.m in Sources */ = {isa = PBXBuildFile; fileRef = 881168E11E837F5900D4DE4D /* PlayingCardDeck.m */; };
		882ABBBA1E83727A00940A5D /* main.m in Sources */ = {isa = PBXBuildFile; fileRef = 882ABBB91E83727A00940A5D /* main.m */; };
		882ABBBD1E83727A00940A5D /* AppDelegate.m in Sources */ = {isa = PBXBuildFile; fileRef = 882ABBBC1E83727A00940A5D /* AppDelegate.m */; };
		882ABBC01E83727A00940A5D /* CardGameViewController.m in Sources */ = {isa = PBXBuildFile; fileRef = 882ABBBF1E83727A00940A5D /* CardGameViewController.m */; };
		882ABBC31E83727A00940A5D /* Main.storyboard in Resources */ = {isa = PBXBuildFile; fileRef = 882ABBC11E83727A00940A5D /* Main.storyboard */; };
		882ABBC51E83727A00940A5D /* Assets.xcassets in Resources */ = {isa = PBXBuildFile; fileRef = 882ABBC41E83727A00940A5D /* Assets.xcassets */; };
		882ABBC81E83727A00940A5D /* LaunchScreen.storyboard in Resources */ = {isa = PBXBuildFile; fileRef = 882ABBC61E83727A00940A5D /* LaunchScreen.storyboard */; };
		887C68A91EAC730000F26470 /* CardGame.m in Sources */ = {isa = PBXBuildFile; fileRef = 887C68A81EAC730000F26470 /* CardGame.m */; };
		888014821E86579700B82B73 /* CardMatchingGame.m in Sources */ = {isa = PBXBuildFile; fileRef = 888014811E86579700B82B73 /* CardMatchingGame.m */; };
		88B193A91EED7CDE0046EFE0 /* PlayingCardGameViewController.m in Sources */ = {isa = PBXBuildFile; fileRef = 88B193A81EED7CDE0046EFE0 /* PlayingCardGameViewController.m */; };
/* End PBXBuildFile section */

/* Begin PBXFileReference section */
		881168D71E83745200D4DE4D /* Deck.h */ = {isa = PBXFileReference; fileEncoding = 4; lastKnownFileType = sourcecode.c.h; path = Deck.h; sourceTree = "<group>"; };
		881168D81E83745200D4DE4D /* Deck.m */ = {isa = PBXFileReference; fileEncoding = 4; lastKnownFileType = sourcecode.c.objc; path = Deck.m; sourceTree = "<group>"; };
		881168D91E83745200D4DE4D /* Card.h */ = {isa = PBXFileReference; fileEncoding = 4; lastKnownFileType = sourcecode.c.h; path = Card.h; sourceTree = "<group>"; };
		881168DA1E83745200D4DE4D /* Card.m */ = {isa = PBXFileReference; fileEncoding = 4; lastKnownFileType = sourcecode.c.objc; path = Card.m; sourceTree = "<group>"; };
		881168DD1E8376B200D4DE4D /* PlayingCard.h */ = {isa = PBXFileReference; fileEncoding = 4; lastKnownFileType = sourcecode.c.h; path = PlayingCard.h; sourceTree = "<group>"; };
		881168DE1E8376B200D4DE4D /* PlayingCard.m */ = {isa = PBXFileReference; fileEncoding = 4; lastKnownFileType = sourcecode.c.objc; path = PlayingCard.m; sourceTree = "<group>"; };
		881168E01E837F5900D4DE4D /* PlayingCardDeck.h */ = {isa = PBXFileReference; fileEncoding = 4; lastKnownFileType = sourcecode.c.h; path = PlayingCardDeck.h; sourceTree = "<group>"; };
		881168E11E837F5900D4DE4D /* PlayingCardDeck.m */ = {isa = PBXFileReference; fileEncoding = 4; lastKnownFileType = sourcecode.c.objc; path = PlayingCardDeck.m; sourceTree = "<group>"; };
		882ABBB51E83727A00940A5D /* Matchismo.app */ = {isa = PBXFileReference; explicitFileType = wrapper.application; includeInIndex = 0; path = Matchismo.app; sourceTree = BUILT_PRODUCTS_DIR; };
		882ABBB91E83727A00940A5D /* main.m */ = {isa = PBXFileReference; lastKnownFileType = sourcecode.c.objc; path = main.m; sourceTree = "<group>"; };
		882ABBBB1E83727A00940A5D /* AppDelegate.h */ = {isa = PBXFileReference; lastKnownFileType = sourcecode.c.h; path = AppDelegate.h; sourceTree = "<group>"; };
		882ABBBC1E83727A00940A5D /* AppDelegate.m */ = {isa = PBXFileReference; lastKnownFileType = sourcecode.c.objc; path = AppDelegate.m; sourceTree = "<group>"; };
		882ABBBE1E83727A00940A5D /* CardGameViewController.h */ = {isa = PBXFileReference; lastKnownFileType = sourcecode.c.h; path = CardGameViewController.h; sourceTree = "<group>"; };
		882ABBBF1E83727A00940A5D /* CardGameViewController.m */ = {isa = PBXFileReference; lastKnownFileType = sourcecode.c.objc; path = CardGameViewController.m; sourceTree = "<group>"; };
		882ABBC21E83727A00940A5D /* Base */ = {isa = PBXFileReference; lastKnownFileType = file.storyboard; name = Base; path = Base.lproj/Main.storyboard; sourceTree = "<group>"; };
		882ABBC41E83727A00940A5D /* Assets.xcassets */ = {isa = PBXFileReference; lastKnownFileType = folder.assetcatalog; path = Assets.xcassets; sourceTree = "<group>"; };
		882ABBC71E83727A00940A5D /* Base */ = {isa = PBXFileReference; lastKnownFileType = file.storyboard; name = Base; path = Base.lproj/LaunchScreen.storyboard; sourceTree = "<group>"; };
		882ABBC91E83727A00940A5D /* Info.plist */ = {isa = PBXFileReference; lastKnownFileType = text.plist.xml; path = Info.plist; sourceTree = "<group>"; };
		887C68A71EAC730000F26470 /* CardGame.h */ = {isa = PBXFileReference; fileEncoding = 4; lastKnownFileType = sourcecode.c.h; path = CardGame.h; sourceTree = "<group>"; };
		887C68A81EAC730000F26470 /* CardGame.m */ = {isa = PBXFileReference; fileEncoding = 4; lastKnownFileType = sourcecode.c.objc; path = CardGame.m; sourceTree = "<group>"; };
		888014801E86579700B82B73 /* CardMatchingGame.h */ = {isa = PBXFileReference; fileEncoding = 4; lastKnownFileType = sourcecode.c.h; path = CardMatchingGame.h; sourceTree = "<group>"; };
		888014811E86579700B82B73 /* CardMatchingGame.m */ = {isa = PBXFileReference; fileEncoding = 4; lastKnownFileType = sourcecode.c.objc; path = CardMatchingGame.m; sourceTree = "<group>"; };
		88B193A71EED7CDE0046EFE0 /* PlayingCardGameViewController.h */ = {isa = PBXFileReference; fileEncoding = 4; lastKnownFileType = sourcecode.c.h; path = PlayingCardGameViewController.h; sourceTree = "<group>"; };
		88B193A81EED7CDE0046EFE0 /* PlayingCardGameViewController.m */ = {isa = PBXFileReference; fileEncoding = 4; lastKnownFileType = sourcecode.c.objc; path = PlayingCardGameViewController.m; sourceTree = "<group>"; };
/* End PBXFileReference section */

/* Begin PBXFrameworksBuildPhase section */
		882ABBB21E83727A00940A5D /* Frameworks */ = {
			isa = PBXFrameworksBuildPhase;
			buildActionMask = 2147483647;
			files = (
			);
			runOnlyForDeploymentPostprocessing = 0;
		};
/* End PBXFrameworksBuildPhase section */

/* Begin PBXGroup section */
		881168D61E83742900D4DE4D /* Model */ = {
			isa = PBXGroup;
			children = (
				887C68A61EAC72B700F26470 /* Game */,
				887C68A51EAC72B200F26470 /* Card */,
				887C68A41EAC72AC00F26470 /* Deck */,
			);
			path = Model;
			sourceTree = "<group>";
		};
		882ABBAC1E83727A00940A5D = {
			isa = PBXGroup;
			children = (
				882ABBB71E83727A00940A5D /* Matchismo */,
				882ABBB61E83727A00940A5D /* Products */,
			);
			sourceTree = "<group>";
		};
		882ABBB61E83727A00940A5D /* Products */ = {
			isa = PBXGroup;
			children = (
				882ABBB51E83727A00940A5D /* Matchismo.app */,
			);
			name = Products;
			sourceTree = "<group>";
		};
		882ABBB71E83727A00940A5D /* Matchismo */ = {
			isa = PBXGroup;
			children = (
				881168D61E83742900D4DE4D /* Model */,
				882ABBBE1E83727A00940A5D /* CardGameViewController.h */,
				882ABBBF1E83727A00940A5D /* CardGameViewController.m */,
				88B193A71EED7CDE0046EFE0 /* PlayingCardGameViewController.h */,
				88B193A81EED7CDE0046EFE0 /* PlayingCardGameViewController.m */,
				882ABBC11E83727A00940A5D /* Main.storyboard */,
				882ABBC41E83727A00940A5D /* Assets.xcassets */,
				882ABBC61E83727A00940A5D /* LaunchScreen.storyboard */,
				882ABBC91E83727A00940A5D /* Info.plist */,
				882ABBB81E83727A00940A5D /* Supporting Files */,
			);
			path = Matchismo;
			sourceTree = "<group>";
		};
		882ABBB81E83727A00940A5D /* Supporting Files */ = {
			isa = PBXGroup;
			children = (
				882ABBBB1E83727A00940A5D /* AppDelegate.h */,
				882ABBBC1E83727A00940A5D /* AppDelegate.m */,
				882ABBB91E83727A00940A5D /* main.m */,
			);
			name = "Supporting Files";
			sourceTree = "<group>";
		};
		887C68A41EAC72AC00F26470 /* Deck */ = {
			isa = PBXGroup;
			children = (
				881168D71E83745200D4DE4D /* Deck.h */,
				881168D81E83745200D4DE4D /* Deck.m */,
				881168E01E837F5900D4DE4D /* PlayingCardDeck.h */,
				881168E11E837F5900D4DE4D /* PlayingCardDeck.m */,
			);
			name = Deck;
			sourceTree = "<group>";
		};
		887C68A51EAC72B200F26470 /* Card */ = {
			isa = PBXGroup;
			children = (
				881168D91E83745200D4DE4D /* Card.h */,
				881168DA1E83745200D4DE4D /* Card.m */,
				881168DD1E8376B200D4DE4D /* PlayingCard.h */,
				881168DE1E8376B200D4DE4D /* PlayingCard.m */,
			);
			name = Card;
			sourceTree = "<group>";
		};
		887C68A61EAC72B700F26470 /* Game */ = {
			isa = PBXGroup;
			children = (
				888014801E86579700B82B73 /* CardMatchingGame.h */,
				888014811E86579700B82B73 /* CardMatchingGame.m */,
				887C68A71EAC730000F26470 /* CardGame.h */,
				887C68A81EAC730000F26470 /* CardGame.m */,
			);
			name = Game;
			sourceTree = "<group>";
		};
/* End PBXGroup section */

/* Begin PBXNativeTarget section */
		882ABBB41E83727A00940A5D /* Matchismo */ = {
			isa = PBXNativeTarget;
			buildConfigurationList = 882ABBCC1E83727A00940A5D /* Build configuration list for PBXNativeTarget "Matchismo" */;
			buildPhases = (
				882ABBB11E83727A00940A5D /* Sources */,
				882ABBB21E83727A00940A5D /* Frameworks */,
				882ABBB31E83727A00940A5D /* Resources */,
			);
			buildRules = (
			);
			dependencies = (
			);
			name = Matchismo;
			productName = Matchismo;
			productReference = 882ABBB51E83727A00940A5D /* Matchismo.app */;
			productType = "com.apple.product-type.application";
		};
/* End PBXNativeTarget section */

/* Begin PBXProject section */
		882ABBAD1E83727A00940A5D /* Project object */ = {
			isa = PBXProject;
			attributes = {
				LastUpgradeCheck = 0820;
				ORGANIZATIONNAME = JesseHao;
				TargetAttributes = {
					882ABBB41E83727A00940A5D = {
						CreatedOnToolsVersion = 8.2.1;
						DevelopmentTeam = 92AUX8G7E8;
						ProvisioningStyle = Automatic;
					};
				};
			};
			buildConfigurationList = 882ABBB01E83727A00940A5D /* Build configuration list for PBXProject "Matchismo" */;
			compatibilityVersion = "Xcode 3.2";
			developmentRegion = English;
			hasScannedForEncodings = 0;
			knownRegions = (
				en,
				Base,
			);
			mainGroup = 882ABBAC1E83727A00940A5D;
			productRefGroup = 882ABBB61E83727A00940A5D /* Products */;
			projectDirPath = "";
			projectRoot = "";
			targets = (
				882ABBB41E83727A00940A5D /* Matchismo */,
			);
		};
/* End PBXProject section */

/* Begin PBXResourcesBuildPhase section */
		882ABBB31E83727A00940A5D /* Resources */ = {
			isa = PBXResourcesBuildPhase;
			buildActionMask = 2147483647;
			files = (
				882ABBC81E83727A00940A5D /* LaunchScreen.storyboard in Resources */,
				882ABBC51E83727A00940A5D /* Assets.xcassets in Resources */,
				882ABBC31E83727A00940A5D /* Main.storyboard in Resources */,
			);
			runOnlyForDeploymentPostprocessing = 0;
		};
/* End PBXResourcesBuildPhase section */

/* Begin PBXSourcesBuildPhase section */
		882ABBB11E83727A00940A5D /* Sources */ = {
			isa = PBXSourcesBuildPhase;
			buildActionMask = 2147483647;
			files = (
				881168DF1E8376B200D4DE4D /* PlayingCard.m in Sources */,
				881168DC1E83745200D4DE4D /* Card.m in Sources */,
				881168DB1E83745200D4DE4D /* Deck.m in Sources */,
				88B193A91EED7CDE0046EFE0 /* PlayingCardGameViewController.m in Sources */,
				882ABBC01E83727A00940A5D /* CardGameViewController.m in Sources */,
				887C68A91EAC730000F26470 /* CardGame.m in Sources */,
				888014821E86579700B82B73 /* CardMatchingGame.m in Sources */,
				881168E21E837F5900D4DE4D /* PlayingCardDeck.m in Sources */,
				882ABBBD1E83727A00940A5D /* AppDelegate.m in Sources */,
				882ABBBA1E83727A00940A5D /* main.m in Sources */,
			);
			runOnlyForDeploymentPostprocessing = 0;
		};
/* End PBXSourcesBuildPhase section */

/* Begin PBXVariantGroup section */
		882ABBC11E83727A00940A5D /* Main.storyboard */ = {
			isa = PBXVariantGroup;
			children = (
				882ABBC21E83727A00940A5D /* Base */,
			);
			name = Main.storyboard;
			sourceTree = "<group>";
		};
		882ABBC61E83727A00940A5D /* LaunchScreen.storyboard */ = {
			isa = PBXVariantGroup;
			children = (
				882ABBC71E83727A00940A5D /* Base */,
			);
			name = LaunchScreen.storyboard;
			sourceTree = "<group>";
		};
/* End PBXVariantGroup section */

/* Begin XCBuildConfiguration section */
		882ABBCA1E83727A00940A5D /* Debug */ = {
			isa = XCBuildConfiguration;
			buildSettings = {
				ALWAYS_SEARCH_USER_PATHS = NO;
				CLANG_ANALYZER_NONNULL = YES;
				CLANG_CXX_LANGUAGE_STANDARD = "gnu++0x";
				CLANG_CXX_LIBRARY = "libc++";
				CLANG_ENABLE_MODULES = YES;
				CLANG_ENABLE_OBJC_ARC = YES;
				CLANG_WARN_BOOL_CONVERSION = YES;
				CLANG_WARN_CONSTANT_CONVERSION = YES;
				CLANG_WARN_DIRECT_OBJC_ISA_USAGE = YES_ERROR;
				CLANG_WARN_DOCUMENTATION_COMMENTS = YES;
				CLANG_WARN_EMPTY_BODY = YES;
				CLANG_WARN_ENUM_CONVERSION = YES;
				CLANG_WARN_INFINITE_RECURSION = YES;
				CLANG_WARN_INT_CONVERSION = YES;
				CLANG_WARN_OBJC_ROOT_CLASS = YES_ERROR;
				CLANG_WARN_SUSPICIOUS_MOVE = YES;
				CLANG_WARN_UNREACHABLE_CODE = YES;
				CLANG_WARN__DUPLICATE_METHOD_MATCH = YES;
				"CODE_SIGN_IDENTITY[sdk=iphoneos*]" = "iPhone Developer";
				COPY_PHASE_STRIP = NO;
				DEBUG_INFORMATION_FORMAT = dwarf;
				ENABLE_STRICT_OBJC_MSGSEND = YES;
				ENABLE_TESTABILITY = YES;
				GCC_C_LANGUAGE_STANDARD = gnu99;
				GCC_DYNAMIC_NO_PIC = NO;
				GCC_NO_COMMON_BLOCKS = YES;
				GCC_OPTIMIZATION_LEVEL = 0;
				GCC_PREPROCESSOR_DEFINITIONS = (
					"DEBUG=1",
					"$(inherited)",
				);
				GCC_WARN_64_TO_32_BIT_CONVERSION = YES;
				GCC_WARN_ABOUT_RETURN_TYPE = YES_ERROR;
				GCC_WARN_UNDECLARED_SELECTOR = YES;
				GCC_WARN_UNINITIALIZED_AUTOS = YES_AGGRESSIVE;
				GCC_WARN_UNUSED_FUNCTION = YES;
				GCC_WARN_UNUSED_VARIABLE = YES;
				IPHONEOS_DEPLOYMENT_TARGET = 10.2;
				MTL_ENABLE_DEBUG_INFO = YES;
				ONLY_ACTIVE_ARCH = YES;
				SDKROOT = iphoneos;
			};
			name = Debug;
		};
		882ABBCB1E83727A00940A5D /* Release */ = {
			isa = XCBuildConfiguration;
			buildSettings = {
				ALWAYS_SEARCH_USER_PATHS = NO;
				CLANG_ANALYZER_NONNULL = YES;
				CLANG_CXX_LANGUAGE_STANDARD = "gnu++0x";
				CLANG_CXX_LIBRARY = "libc++";
				CLANG_ENABLE_MODULES = YES;
				CLANG_ENABLE_OBJC_ARC = YES;
				CLANG_WARN_BOOL_CONVERSION = YES;
				CLANG_WARN_CONSTANT_CONVERSION = YES;
				CLANG_WARN_DIRECT_OBJC_ISA_USAGE = YES_ERROR;
				CLANG_WARN_DOCUMENTATION_COMMENTS = YES;
				CLANG_WARN_EMPTY_BODY = YES;
				CLANG_WARN_ENUM_CONVERSION = YES;
				CLANG_WARN_INFINITE_RECURSION = YES;
				CLANG_WARN_INT_CONVERSION = YES;
				CLANG_WARN_OBJC_ROOT_CLASS = YES_ERROR;
				CLANG_WARN_SUSPICIOUS_MOVE = YES;
				CLANG_WARN_UNREACHABLE_CODE = YES;
				CLANG_WARN__DUPLICATE_METHOD_MATCH = YES;
				"CODE_SIGN_IDENTITY[sdk=iphoneos*]" = "iPhone Developer";
				COPY_PHASE_STRIP = NO;
				DEBUG_INFORMATION_FORMAT = "dwarf-with-dsym";
				ENABLE_NS_ASSERTIONS = NO;
				ENABLE_STRICT_OBJC_MSGSEND = YES;
				GCC_C_LANGUAGE_STANDARD = gnu99;
				GCC_NO_COMMON_BLOCKS = YES;
				GCC_WARN_64_TO_32_BIT_CONVERSION = YES;
				GCC_WARN_ABOUT_RETURN_TYPE = YES_ERROR;
				GCC_WARN_UNDECLARED_SELECTOR = YES;
				GCC_WARN_UNINITIALIZED_AUTOS = YES_AGGRESSIVE;
				GCC_WARN_UNUSED_FUNCTION = YES;
				GCC_WARN_UNUSED_VARIABLE = YES;
				IPHONEOS_DEPLOYMENT_TARGET = 10.2;
				MTL_ENABLE_DEBUG_INFO = NO;
				SDKROOT = iphoneos;
				VALIDATE_PRODUCT = YES;
			};
			name = Release;
		};
		882ABBCD1E83727A00940A5D /* Debug */ = {
			isa = XCBuildConfiguration;
			buildSettings = {
				ASSETCATALOG_COMPILER_APPICON_NAME = AppIcon;
				DEVELOPMENT_TEAM = 92AUX8G7E8;
				INFOPLIST_FILE = Matchismo/Info.plist;
				LD_RUNPATH_SEARCH_PATHS = "$(inherited) @executable_path/Frameworks";
				PRODUCT_BUNDLE_IDENTIFIER = jh.cs193p.ios7.Matchismo;
				PRODUCT_NAME = "$(TARGET_NAME)";
			};
			name = Debug;
		};
		882ABBCE1E83727A00940A5D /* Release */ = {
			isa = XCBuildConfiguration;
			buildSettings = {
				ASSETCATALOG_COMPILER_APPICON_NAME = AppIcon;
				DEVELOPMENT_TEAM = 92AUX8G7E8;
				INFOPLIST_FILE = Matchismo/Info.plist;
				LD_RUNPATH_SEARCH_PATHS = "$(inherited) @executable_path/Frameworks";
				PRODUCT_BUNDLE_IDENTIFIER = jh.cs193p.ios7.Matchismo;
				PRODUCT_NAME = "$(TARGET_NAME)";
			};
			name = Release;
		};
/* End XCBuildConfiguration section */

/* Begin XCConfigurationList section */
		882ABBB01E83727A00940A5D /* Build configuration list for PBXProject "Matchismo" */ = {
			isa = XCConfigurationList;
			buildConfigurations = (
				882ABBCA1E83727A00940A5D /* Debug */,
				882ABBCB1E83727A00940A5D /* Release */,
			);
			defaultConfigurationIsVisible = 0;
			defaultConfigurationName = Release;
		};
		882ABBCC1E83727A00940A5D /* Build configuration list for PBXNativeTarget "Matchismo" */ = {
			isa = XCConfigurationList;
			buildConfigurations = (
				882ABBCD1E83727A00940A5D /* Debug */,
				882ABBCE1E83727A00940A5D /* Release */,
			);
			defaultConfigurationIsVisible = 0;
			defaultConfigurationName = Release;
		};
/* End XCConfigurationList section */
	};
	rootObject = 882ABBAD1E83727A00940A5D /* Project object */;
}
